// !$*UTF8*$!
{
	archiveVersion = 1;
	classes = {
	};
	objectVersion = 50;
	objects = {

/* Begin PBXBuildFile section */
		3B22567C22E6D34E00C4DD1E /* AppDelegate.swift in Sources */ = {isa = PBXBuildFile; fileRef = 3B22567B22E6D34E00C4DD1E /* AppDelegate.swift */; };
		3B22567E22E6D34E00C4DD1E /* ViewController.swift in Sources */ = {isa = PBXBuildFile; fileRef = 3B22567D22E6D34E00C4DD1E /* ViewController.swift */; };
		3B22568122E6D34E00C4DD1E /* Main.storyboard in Resources */ = {isa = PBXBuildFile; fileRef = 3B22567F22E6D34E00C4DD1E /* Main.storyboard */; };
		3B22568322E6D35000C4DD1E /* Assets.xcassets in Resources */ = {isa = PBXBuildFile; fileRef = 3B22568222E6D35000C4DD1E /* Assets.xcassets */; };
		3B22568622E6D35000C4DD1E /* LaunchScreen.storyboard in Resources */ = {isa = PBXBuildFile; fileRef = 3B22568422E6D35000C4DD1E /* LaunchScreen.storyboard */; };
		3B22569122E6D35000C4DD1E /* PracticeDelegateTests.swift in Sources */ = {isa = PBXBuildFile; fileRef = 3B22569022E6D35000C4DD1E /* PracticeDelegateTests.swift */; };
		3B22569C22E6D38400C4DD1E /* ColorPicker.swift in Sources */ = {isa = PBXBuildFile; fileRef = 3B22569B22E6D38400C4DD1E /* ColorPicker.swift */; };
/* End PBXBuildFile section */

/* Begin PBXContainerItemProxy section */
		3B22568D22E6D35000C4DD1E /* PBXContainerItemProxy */ = {
			isa = PBXContainerItemProxy;
			containerPortal = 3B22567022E6D34E00C4DD1E /* Project object */;
			proxyType = 1;
			remoteGlobalIDString = 3B22567722E6D34E00C4DD1E;
			remoteInfo = PracticeDelegate;
		};
/* End PBXContainerItemProxy section */

/* Begin PBXFileReference section */
		3B22567822E6D34E00C4DD1E /* PracticeDelegate.app */ = {isa = PBXFileReference; explicitFileType = wrapper.application; includeInIndex = 0; path = PracticeDelegate.app; sourceTree = BUILT_PRODUCTS_DIR; };
		3B22567B22E6D34E00C4DD1E /* AppDelegate.swift */ = {isa = PBXFileReference; lastKnownFileType = sourcecode.swift; path = AppDelegate.swift; sourceTree = "<group>"; };
		3B22567D22E6D34E00C4DD1E /* ViewController.swift */ = {isa = PBXFileReference; lastKnownFileType = sourcecode.swift; path = ViewController.swift; sourceTree = "<group>"; };
		3B22568022E6D34E00C4DD1E /* Base */ = {isa = PBXFileReference; lastKnownFileType = file.storyboard; name = Base; path = Base.lproj/Main.storyboard; sourceTree = "<group>"; };
		3B22568222E6D35000C4DD1E /* Assets.xcassets */ = {isa = PBXFileReference; lastKnownFileType = folder.assetcatalog; path = Assets.xcassets; sourceTree = "<group>"; };
		3B22568522E6D35000C4DD1E /* Base */ = {isa = PBXFileReference; lastKnownFileType = file.storyboard; name = Base; path = Base.lproj/LaunchScreen.storyboard; sourceTree = "<group>"; };
		3B22568722E6D35000C4DD1E /* Info.plist */ = {isa = PBXFileReference; lastKnownFileType = text.plist.xml; path = Info.plist; sourceTree = "<group>"; };
		3B22568C22E6D35000C4DD1E /* PracticeDelegateTests.xctest */ = {isa = PBXFileReference; explicitFileType = wrapper.cfbundle; includeInIndex = 0; path = PracticeDelegateTests.xctest; sourceTree = BUILT_PRODUCTS_DIR; };
		3B22569022E6D35000C4DD1E /* PracticeDelegateTests.swift */ = {isa = PBXFileReference; lastKnownFileType = sourcecode.swift; path = PracticeDelegateTests.swift; sourceTree = "<group>"; };
		3B22569222E6D35000C4DD1E /* Info.plist */ = {isa = PBXFileReference; lastKnownFileType = text.plist.xml; path = Info.plist; sourceTree = "<group>"; };
		3B22569B22E6D38400C4DD1E /* ColorPicker.swift */ = {isa = PBXFileReference; lastKnownFileType = sourcecode.swift; path = ColorPicker.swift; sourceTree = "<group>"; };
/* End PBXFileReference section */

/* Begin PBXFrameworksBuildPhase section */
		3B22567522E6D34E00C4DD1E /* Frameworks */ = {
			isa = PBXFrameworksBuildPhase;
			buildActionMask = 2147483647;
			files = (
			);
			runOnlyForDeploymentPostprocessing = 0;
		};
		3B22568922E6D35000C4DD1E /* Frameworks */ = {
			isa = PBXFrameworksBuildPhase;
			buildActionMask = 2147483647;
			files = (
			);
			runOnlyForDeploymentPostprocessing = 0;
		};
/* End PBXFrameworksBuildPhase section */

/* Begin PBXGroup section */
		3B22566F22E6D34E00C4DD1E = {
			isa = PBXGroup;
			children = (
				3B22567A22E6D34E00C4DD1E /* PracticeDelegate */,
				3B22568F22E6D35000C4DD1E /* PracticeDelegateTests */,
				3B22567922E6D34E00C4DD1E /* Products */,
			);
			sourceTree = "<group>";
		};
		3B22567922E6D34E00C4DD1E /* Products */ = {
			isa = PBXGroup;
			children = (
				3B22567822E6D34E00C4DD1E /* PracticeDelegate.app */,
				3B22568C22E6D35000C4DD1E /* PracticeDelegateTests.xctest */,
			);
			name = Products;
			sourceTree = "<group>";
		};
		3B22567A22E6D34E00C4DD1E /* PracticeDelegate */ = {
			isa = PBXGroup;
			children = (
				3B22567B22E6D34E00C4DD1E /* AppDelegate.swift */,
				3B22567D22E6D34E00C4DD1E /* ViewController.swift */,
				3B22569B22E6D38400C4DD1E /* ColorPicker.swift */,
				3B22567F22E6D34E00C4DD1E /* Main.storyboard */,
				3B22568222E6D35000C4DD1E /* Assets.xcassets */,
				3B22568422E6D35000C4DD1E /* LaunchScreen.storyboard */,
				3B22568722E6D35000C4DD1E /* Info.plist */,
			);
			path = PracticeDelegate;
			sourceTree = "<group>";
		};
		3B22568F22E6D35000C4DD1E /* PracticeDelegateTests */ = {
			isa = PBXGroup;
			children = (
				3B22569022E6D35000C4DD1E /* PracticeDelegateTests.swift */,
				3B22569222E6D35000C4DD1E /* Info.plist */,
			);
			path = PracticeDelegateTests;
			sourceTree = "<group>";
		};
/* End PBXGroup section */

/* Begin PBXNativeTarget section */
		3B22567722E6D34E00C4DD1E /* PracticeDelegate */ = {
			isa = PBXNativeTarget;
			buildConfigurationList = 3B22569522E6D35000C4DD1E /* Build configuration list for PBXNativeTarget "PracticeDelegate" */;
			buildPhases = (
				3B22567422E6D34E00C4DD1E /* Sources */,
				3B22567522E6D34E00C4DD1E /* Frameworks */,
				3B22567622E6D34E00C4DD1E /* Resources */,
			);
			buildRules = (
			);
			dependencies = (
			);
			name = PracticeDelegate;
			productName = PracticeDelegate;
			productReference = 3B22567822E6D34E00C4DD1E /* PracticeDelegate.app */;
			productType = "com.apple.product-type.application";
		};
		3B22568B22E6D35000C4DD1E /* PracticeDelegateTests */ = {
			isa = PBXNativeTarget;
			buildConfigurationList = 3B22569822E6D35000C4DD1E /* Build configuration list for PBXNativeTarget "PracticeDelegateTests" */;
			buildPhases = (
				3B22568822E6D35000C4DD1E /* Sources */,
				3B22568922E6D35000C4DD1E /* Frameworks */,
				3B22568A22E6D35000C4DD1E /* Resources */,
			);
			buildRules = (
			);
			dependencies = (
				3B22568E22E6D35000C4DD1E /* PBXTargetDependency */,
			);
			name = PracticeDelegateTests;
			productName = PracticeDelegateTests;
			productReference = 3B22568C22E6D35000C4DD1E /* PracticeDelegateTests.xctest */;
			productType = "com.apple.product-type.bundle.unit-test";
		};
/* End PBXNativeTarget section */

/* Begin PBXProject section */
		3B22567022E6D34E00C4DD1E /* Project object */ = {
			isa = PBXProject;
			attributes = {
				LastSwiftUpdateCheck = 1020;
				LastUpgradeCheck = 1020;
				ORGANIZATIONNAME = kjy95;
				TargetAttributes = {
					3B22567722E6D34E00C4DD1E = {
						CreatedOnToolsVersion = 10.2.1;
					};
					3B22568B22E6D35000C4DD1E = {
						CreatedOnToolsVersion = 10.2.1;
						TestTargetID = 3B22567722E6D34E00C4DD1E;
					};
				};
			};
			buildConfigurationList = 3B22567322E6D34E00C4DD1E /* Build configuration list for PBXProject "PracticeDelegate" */;
			compatibilityVersion = "Xcode 9.3";
			developmentRegion = en;
			hasScannedForEncodings = 0;
			knownRegions = (
				en,
				Base,
			);
			mainGroup = 3B22566F22E6D34E00C4DD1E;
			productRefGroup = 3B22567922E6D34E00C4DD1E /* Products */;
			projectDirPath = "";
			projectRoot = "";
			targets = (
				3B22567722E6D34E00C4DD1E /* PracticeDelegate */,
				3B22568B22E6D35000C4DD1E /* PracticeDelegateTests */,
			);
		};
/* End PBXProject section */

/* Begin PBXResourcesBuildPhase section */
		3B22567622E6D34E00C4DD1E /* Resources */ = {
			isa = PBXResourcesBuildPhase;
			buildActionMask = 2147483647;
			files = (
				3B22568622E6D35000C4DD1E /* LaunchScreen.storyboard in Resources */,
				3B22568322E6D35000C4DD1E /* Assets.xcassets in Resources */,
				3B22568122E6D34E00C4DD1E /* Main.storyboard in Resources */,
			);
			runOnlyForDeploymentPostprocessing = 0;
		};
		3B22568A22E6D35000C4DD1E /* Resources */ = {
			isa = PBXResourcesBuildPhase;
			buildActionMask = 2147483647;
			files = (
			);
			runOnlyForDeploymentPostprocessing = 0;
		};
/* End PBXResourcesBuildPhase section */

/* Begin PBXSourcesBuildPhase section */
		3B22567422E6D34E00C4DD1E /* Sources */ = {
			isa = PBXSourcesBuildPhase;
			buildActionMask = 2147483647;
			files = (
				3B22569C22E6D38400C4DD1E /* ColorPicker.swift in Sources */,
				3B22567E22E6D34E00C4DD1E /* ViewController.swift in Sources */,
				3B22567C22E6D34E00C4DD1E /* AppDelegate.swift in Sources */,
			);
			runOnlyForDeploymentPostprocessing = 0;
		};
		3B22568822E6D35000C4DD1E /* Sources */ = {
			isa = PBXSourcesBuildPhase;
			buildActionMask = 2147483647;
			files = (
				3B22569122E6D35000C4DD1E /* PracticeDelegateTests.swift in Sources */,
			);
			runOnlyForDeploymentPostprocessing = 0;
		};
/* End PBXSourcesBuildPhase section */

/* Begin PBXTargetDependency section */
		3B22568E22E6D35000C4DD1E /* PBXTargetDependency */ = {
			isa = PBXTargetDependency;
			target = 3B22567722E6D34E00C4DD1E /* PracticeDelegate */;
			targetProxy = 3B22568D22E6D35000C4DD1E /* PBXContainerItemProxy */;
		};
/* End PBXTargetDependency section */

/* Begin PBXVariantGroup section */
		3B22567F22E6D34E00C4DD1E /* Main.storyboard */ = {
			isa = PBXVariantGroup;
			children = (
				3B22568022E6D34E00C4DD1E /* Base */,
			);
			name = Main.storyboard;
			sourceTree = "<group>";
		};
		3B22568422E6D35000C4DD1E /* LaunchScreen.storyboard */ = {
			isa = PBXVariantGroup;
			children = (
				3B22568522E6D35000C4DD1E /* Base */,
			);
			name = LaunchScreen.storyboard;
			sourceTree = "<group>";
		};
/* End PBXVariantGroup section */

/* Begin XCBuildConfiguration section */
		3B22569322E6D35000C4DD1E /* Debug */ = {
			isa = XCBuildConfiguration;
			buildSettings = {
				ALWAYS_SEARCH_USER_PATHS = NO;
				CLANG_ANALYZER_NONNULL = YES;
				CLANG_ANALYZER_NUMBER_OBJECT_CONVERSION = YES_AGGRESSIVE;
				CLANG_CXX_LANGUAGE_STANDARD = "gnu++14";
				CLANG_CXX_LIBRARY = "libc++";
				CLANG_ENABLE_MODULES = YES;
				CLANG_ENABLE_OBJC_ARC = YES;
				CLANG_ENABLE_OBJC_WEAK = YES;
				CLANG_WARN_BLOCK_CAPTURE_AUTORELEASING = YES;
				CLANG_WARN_BOOL_CONVERSION = YES;
				CLANG_WARN_COMMA = YES;
				CLANG_WARN_CONSTANT_CONVERSION = YES;
				CLANG_WARN_DEPRECATED_OBJC_IMPLEMENTATIONS = YES;
				CLANG_WARN_DIRECT_OBJC_ISA_USAGE = YES_ERROR;
				CLANG_WARN_DOCUMENTATION_COMMENTS = YES;
				CLANG_WARN_EMPTY_BODY = YES;
				CLANG_WARN_ENUM_CONVERSION = YES;
				CLANG_WARN_INFINITE_RECURSION = YES;
				CLANG_WARN_INT_CONVERSION = YES;
				CLANG_WARN_NON_LITERAL_NULL_CONVERSION = YES;
				CLANG_WARN_OBJC_IMPLICIT_RETAIN_SELF = YES;
				CLANG_WARN_OBJC_LITERAL_CONVERSION = YES;
				CLANG_WARN_OBJC_ROOT_CLASS = YES_ERROR;
				CLANG_WARN_RANGE_LOOP_ANALYSIS = YES;
				CLANG_WARN_STRICT_PROTOTYPES = YES;
				CLANG_WARN_SUSPICIOUS_MOVE = YES;
				CLANG_WARN_UNGUARDED_AVAILABILITY = YES_AGGRESSIVE;
				CLANG_WARN_UNREACHABLE_CODE = YES;
				CLANG_WARN__DUPLICATE_METHOD_MATCH = YES;
				CODE_SIGN_IDENTITY = "iPhone Developer";
				COPY_PHASE_STRIP = NO;
				DEBUG_INFORMATION_FORMAT = dwarf;
				ENABLE_STRICT_OBJC_MSGSEND = YES;
				ENABLE_TESTABILITY = YES;
				GCC_C_LANGUAGE_STANDARD = gnu11;
				GCC_DYNAMIC_NO_PIC = NO;
				GCC_NO_COMMON_BLOCKS = YES;
				GCC_OPTIMIZATION_LEVEL = 0;
				GCC_PREPROCESSOR_DEFINITIONS = (
					"DEBUG=1",
					"$(inherited)",
				);
				GCC_WARN_64_TO_32_BIT_CONVERSION = YES;
				GCC_WARN_ABOUT_RETURN_TYPE = YES_ERROR;
				GCC_WARN_UNDECLARED_SELECTOR = YES;
				GCC_WARN_UNINITIALIZED_AUTOS = YES_AGGRESSIVE;
				GCC_WARN_UNUSED_FUNCTION = YES;
				GCC_WARN_UNUSED_VARIABLE = YES;
				IPHONEOS_DEPLOYMENT_TARGET = 12.2;
				MTL_ENABLE_DEBUG_INFO = INCLUDE_SOURCE;
				MTL_FAST_MATH = YES;
				ONLY_ACTIVE_ARCH = YES;
				SDKROOT = iphoneos;
				SWIFT_ACTIVE_COMPILATION_CONDITIONS = DEBUG;
				SWIFT_OPTIMIZATION_LEVEL = "-Onone";
			};
			name = Debug;
		};
		3B22569422E6D35000C4DD1E /* Release */ = {
			isa = XCBuildConfiguration;
			buildSettings = {
				ALWAYS_SEARCH_USER_PATHS = NO;
				CLANG_ANALYZER_NONNULL = YES;
				CLANG_ANALYZER_NUMBER_OBJECT_CONVERSION = YES_AGGRESSIVE;
				CLANG_CXX_LANGUAGE_STANDARD = "gnu++14";
				CLANG_CXX_LIBRARY = "libc++";
				CLANG_ENABLE_MODULES = YES;
				CLANG_ENABLE_OBJC_ARC = YES;
				CLANG_ENABLE_OBJC_WEAK = YES;
				CLANG_WARN_BLOCK_CAPTURE_AUTORELEASING = YES;
				CLANG_WARN_BOOL_CONVERSION = YES;
				CLANG_WARN_COMMA = YES;
				CLANG_WARN_CONSTANT_CONVERSION = YES;
				CLANG_WARN_DEPRECATED_OBJC_IMPLEMENTATIONS = YES;
				CLANG_WARN_DIRECT_OBJC_ISA_USAGE = YES_ERROR;
				CLANG_WARN_DOCUMENTATION_COMMENTS = YES;
				CLANG_WARN_EMPTY_BODY = YES;
				CLANG_WARN_ENUM_CONVERSION = YES;
				CLANG_WARN_INFINITE_RECURSION = YES;
				CLANG_WARN_INT_CONVERSION = YES;
				CLANG_WARN_NON_LITERAL_NULL_CONVERSION = YES;
				CLANG_WARN_OBJC_IMPLICIT_RETAIN_SELF = YES;
				CLANG_WARN_OBJC_LITERAL_CONVERSION = YES;
				CLANG_WARN_OBJC_ROOT_CLASS = YES_ERROR;
				CLANG_WARN_RANGE_LOOP_ANALYSIS = YES;
				CLANG_WARN_STRICT_PROTOTYPES = YES;
				CLANG_WARN_SUSPICIOUS_MOVE = YES;
				CLANG_WARN_UNGUARDED_AVAILABILITY = YES_AGGRESSIVE;
				CLANG_WARN_UNREACHABLE_CODE = YES;
				CLANG_WARN__DUPLICATE_METHOD_MATCH = YES;
				CODE_SIGN_IDENTITY = "iPhone Developer";
				COPY_PHASE_STRIP = NO;
				DEBUG_INFORMATION_FORMAT = "dwarf-with-dsym";
				ENABLE_NS_ASSERTIONS = NO;
				ENABLE_STRICT_OBJC_MSGSEND = YES;
				GCC_C_LANGUAGE_STANDARD = gnu11;
				GCC_NO_COMMON_BLOCKS = YES;
				GCC_WARN_64_TO_32_BIT_CONVERSION = YES;
				GCC_WARN_ABOUT_RETURN_TYPE = YES_ERROR;
				GCC_WARN_UNDECLARED_SELECTOR = YES;
				GCC_WARN_UNINITIALIZED_AUTOS = YES_AGGRESSIVE;
				GCC_WARN_UNUSED_FUNCTION = YES;
				GCC_WARN_UNUSED_VARIABLE = YES;
				IPHONEOS_DEPLOYMENT_TARGET = 12.2;
				MTL_ENABLE_DEBUG_INFO = NO;
				MTL_FAST_MATH = YES;
				SDKROOT = iphoneos;
				SWIFT_COMPILATION_MODE = wholemodule;
				SWIFT_OPTIMIZATION_LEVEL = "-O";
				VALIDATE_PRODUCT = YES;
			};
			name = Release;
		};
		3B22569622E6D35000C4DD1E /* Debug */ = {
			isa = XCBuildConfiguration;
			buildSettings = {
				ASSETCATALOG_COMPILER_APPICON_NAME = AppIcon;
				CODE_SIGN_STYLE = Automatic;
				INFOPLIST_FILE = PracticeDelegate/Info.plist;
				LD_RUNPATH_SEARCH_PATHS = (
					"$(inherited)",
					"@executable_path/Frameworks",
				);
				PRODUCT_BUNDLE_IDENTIFIER = com.example.PracticeDelegate;
				PRODUCT_NAME = "$(TARGET_NAME)";
				SWIFT_VERSION = 5.0;
				TARGETED_DEVICE_FAMILY = "1,2";
			};
			name = Debug;
		};
		3B22569722E6D35000C4DD1E /* Release */ = {
			isa = XCBuildConfiguration;
			buildSettings = {
				ASSETCATALOG_COMPILER_APPICON_NAME = AppIcon;
				CODE_SIGN_STYLE = Automatic;
				INFOPLIST_FILE = PracticeDelegate/Info.plist;
				LD_RUNPATH_SEARCH_PATHS = (
					"$(inherited)",
					"@executable_path/Frameworks",
				);
				PRODUCT_BUNDLE_IDENTIFIER = com.example.PracticeDelegate;
				PRODUCT_NAME = "$(TARGET_NAME)";
				SWIFT_VERSION = 5.0;
				TARGETED_DEVICE_FAMILY = "1,2";
			};
			name = Release;
		};
		3B22569922E6D35000C4DD1E /* Debug */ = {
			isa = XCBuildConfiguration;
			buildSettings = {
				ALWAYS_EMBED_SWIFT_STANDARD_LIBRARIES = YES;
				BUNDLE_LOADER = "$(TEST_HOST)";
				CODE_SIGN_STYLE = Automatic;
				INFOPLIST_FILE = PracticeDelegateTests/Info.plist;
				LD_RUNPATH_SEARCH_PATHS = (
					"$(inherited)",
					"@executable_path/Frameworks",
					"@loader_path/Frameworks",
				);
				PRODUCT_BUNDLE_IDENTIFIER = com.example.PracticeDelegateTests;
				PRODUCT_NAME = "$(TARGET_NAME)";
				SWIFT_VERSION = 5.0;
				TARGETED_DEVICE_FAMILY = "1,2";
				TEST_HOST = "$(BUILT_PRODUCTS_DIR)/PracticeDelegate.app/PracticeDelegate";
			};
			name = Debug;
		};
		3B22569A22E6D35000C4DD1E /* Release */ = {
			isa = XCBuildConfiguration;
			buildSettings = {
				ALWAYS_EMBED_SWIFT_STANDARD_LIBRARIES = YES;
				BUNDLE_LOADER = "$(TEST_HOST)";
				CODE_SIGN_STYLE = Automatic;
				INFOPLIST_FILE = PracticeDelegateTests/Info.plist;
				LD_RUNPATH_SEARCH_PATHS = (
					"$(inherited)",
					"@executable_path/Frameworks",
					"@loader_path/Frameworks",
				);
				PRODUCT_BUNDLE_IDENTIFIER = com.example.PracticeDelegateTests;
				PRODUCT_NAME = "$(TARGET_NAME)";
				SWIFT_VERSION = 5.0;
				TARGETED_DEVICE_FAMILY = "1,2";
				TEST_HOST = "$(BUILT_PRODUCTS_DIR)/PracticeDelegate.app/PracticeDelegate";
			};
			name = Release;
		};
/* End XCBuildConfiguration section */

/* Begin XCConfigurationList section */
		3B22567322E6D34E00C4DD1E /* Build configuration list for PBXProject "PracticeDelegate" */ = {
			isa = XCConfigurationList;
			buildConfigurations = (
				3B22569322E6D35000C4DD1E /* Debug */,
				3B22569422E6D35000C4DD1E /* Release */,
			);
			defaultConfigurationIsVisible = 0;
			defaultConfigurationName = Release;
		};
		3B22569522E6D35000C4DD1E /* Build configuration list for PBXNativeTarget "PracticeDelegate" */ = {
			isa = XCConfigurationList;
			buildConfigurations = (
				3B22569622E6D35000C4DD1E /* Debug */,
				3B22569722E6D35000C4DD1E /* Release */,
			);
			defaultConfigurationIsVisible = 0;
			defaultConfigurationName = Release;
		};
		3B22569822E6D35000C4DD1E /* Build configuration list for PBXNativeTarget "PracticeDelegateTests" */ = {
			isa = XCConfigurationList;
			buildConfigurations = (
				3B22569922E6D35000C4DD1E /* Debug */,
				3B22569A22E6D35000C4DD1E /* Release */,
			);
			defaultConfigurationIsVisible = 0;
			defaultConfigurationName = Release;
		};
/* End XCConfigurationList section */
	};
	rootObject = 3B22567022E6D34E00C4DD1E /* Project object */;
}
